
Microsoft Visual Studio Solution File, Format Version 12.00
Project("{FAE04EC0-301F-11D3-BF4B-00C04F79EFBC}") = "LazyTrader.Binance.Application", "LazyTrader.Binance.Application\LazyTrader.Binance.Application.csproj", "{2CAA07F4-B4C8-438A-822B-0D7688B21B8A}"
EndProject
Project("{FAE04EC0-301F-11D3-BF4B-00C04F79EFBC}") = "LazyTrader.Binance.Common", "LazyTrader.Binance.Common\LazyTrader.Binance.Common.csproj", "{B10D628A-FF35-4248-B4E1-86278573A1C4}"
EndProject
Project("{FAE04EC0-301F-11D3-BF4B-00C04F79EFBC}") = "LazyTrader.Binance.Core", "LazyTrader.Binance.Core\LazyTrader.Binance.Core.csproj", "{E0819355-4426-4C16-A5BF-A84889EE6BD9}"
EndProject
Project("{FAE04EC0-301F-11D3-BF4B-00C04F79EFBC}") = "LazyTrader.Binance.Infrastructure", "LazyTrader.Binance.Infrastructure\LazyTrader.Binance.Infrastructure.csproj", "{2FD7AD18-B3CF-48F8-8630-ED998793C292}"
EndProject
Global
	GlobalSection(SolutionConfigurationPlatforms) = preSolution
		Debug|Any CPU = Debug|Any CPU
		Release|Any CPU = Release|Any CPU
	EndGlobalSection
	GlobalSection(ProjectConfigurationPlatforms) = postSolution
		{2CAA07F4-B4C8-438A-822B-0D7688B21B8A}.Debug|Any CPU.ActiveCfg = Debug|Any CPU
		{2CAA07F4-B4C8-438A-822B-0D7688B21B8A}.Debug|Any CPU.Build.0 = Debug|Any CPU
		{2CAA07F4-B4C8-438A-822B-0D7688B21B8A}.Release|Any CPU.ActiveCfg = Release|Any CPU
		{2CAA07F4-B4C8-438A-822B-0D7688B21B8A}.Release|Any CPU.Build.0 = Release|Any CPU
		{B10D628A-FF35-4248-B4E1-86278573A1C4}.Debug|Any CPU.ActiveCfg = Debug|Any CPU
		{B10D628A-FF35-4248-B4E1-86278573A1C4}.Debug|Any CPU.Build.0 = Debug|Any CPU
		{B10D628A-FF35-4248-B4E1-86278573A1C4}.Release|Any CPU.ActiveCfg = Release|Any CPU
		{B10D628A-FF35-4248-B4E1-86278573A1C4}.Release|Any CPU.Build.0 = Release|Any CPU
		{E0819355-4426-4C16-A5BF-A84889EE6BD9}.Debug|Any CPU.ActiveCfg = Debug|Any CPU
		{E0819355-4426-4C16-A5BF-A84889EE6BD9}.Debug|Any CPU.Build.0 = Debug|Any CPU
		{E0819355-4426-4C16-A5BF-A84889EE6BD9}.Release|Any CPU.ActiveCfg = Release|Any CPU
		{E0819355-4426-4C16-A5BF-A84889EE6BD9}.Release|Any CPU.Build.0 = Release|Any CPU
		{2FD7AD18-B3CF-48F8-8630-ED998793C292}.Debug|Any CPU.ActiveCfg = Debug|Any CPU
		{2FD7AD18-B3CF-48F8-8630-ED998793C292}.Debug|Any CPU.Build.0 = Debug|Any CPU
		{2FD7AD18-B3CF-48F8-8630-ED998793C292}.Release|Any CPU.ActiveCfg = Release|Any CPU
		{2FD7AD18-B3CF-48F8-8630-ED998793C292}.Release|Any CPU.Build.0 = Release|Any CPU
	EndGlobalSection
EndGlobal
